// !$*UTF8*$!
{
	archiveVersion = 1;
	classes = {
	};
	objectVersion = 56;
	objects = {

/* Begin PBXBuildFile section */
		96AF1B742BC262D600D72D7E /* DetailView.swift in Sources */ = {isa = PBXBuildFile; fileRef = 96AF1B732BC262D600D72D7E /* DetailView.swift */; };
		96E3DE002BBFA20A00E12E5B /* iTrackerApp.swift in Sources */ = {isa = PBXBuildFile; fileRef = 96E3DDFF2BBFA20A00E12E5B /* iTrackerApp.swift */; };
		96E3DE022BBFA20A00E12E5B /* ContentView.swift in Sources */ = {isa = PBXBuildFile; fileRef = 96E3DE012BBFA20A00E12E5B /* ContentView.swift */; };
		96E3DE042BBFA20C00E12E5B /* Assets.xcassets in Resources */ = {isa = PBXBuildFile; fileRef = 96E3DE032BBFA20C00E12E5B /* Assets.xcassets */; };
		96E3DE072BBFA20C00E12E5B /* Preview Assets.xcassets in Resources */ = {isa = PBXBuildFile; fileRef = 96E3DE062BBFA20C00E12E5B /* Preview Assets.xcassets */; };
		96E3DE0E2BBFA24D00E12E5B /* Activity.swift in Sources */ = {isa = PBXBuildFile; fileRef = 96E3DE0D2BBFA24D00E12E5B /* Activity.swift */; };
		96E3DE102BBFA5C700E12E5B /* Activities.swift in Sources */ = {isa = PBXBuildFile; fileRef = 96E3DE0F2BBFA5C700E12E5B /* Activities.swift */; };
		96E3DE122BBFA98500E12E5B /* AddView.swift in Sources */ = {isa = PBXBuildFile; fileRef = 96E3DE112BBFA98500E12E5B /* AddView.swift */; };
/* End PBXBuildFile section */

/* Begin PBXFileReference section */
		96AF1B732BC262D600D72D7E /* DetailView.swift */ = {isa = PBXFileReference; lastKnownFileType = sourcecode.swift; path = DetailView.swift; sourceTree = "<group>"; };
		96E3DDFC2BBFA20A00E12E5B /* iTracker.app */ = {isa = PBXFileReference; explicitFileType = wrapper.application; includeInIndex = 0; path = iTracker.app; sourceTree = BUILT_PRODUCTS_DIR; };
		96E3DDFF2BBFA20A00E12E5B /* iTrackerApp.swift */ = {isa = PBXFileReference; lastKnownFileType = sourcecode.swift; path = iTrackerApp.swift; sourceTree = "<group>"; };
		96E3DE012BBFA20A00E12E5B /* ContentView.swift */ = {isa = PBXFileReference; lastKnownFileType = sourcecode.swift; path = ContentView.swift; sourceTree = "<group>"; };
		96E3DE032BBFA20C00E12E5B /* Assets.xcassets */ = {isa = PBXFileReference; lastKnownFileType = folder.assetcatalog; path = Assets.xcassets; sourceTree = "<group>"; };
		96E3DE062BBFA20C00E12E5B /* Preview Assets.xcassets */ = {isa = PBXFileReference; lastKnownFileType = folder.assetcatalog; path = "Preview Assets.xcassets"; sourceTree = "<group>"; };
		96E3DE0D2BBFA24D00E12E5B /* Activity.swift */ = {isa = PBXFileReference; lastKnownFileType = sourcecode.swift; path = Activity.swift; sourceTree = "<group>"; };
		96E3DE0F2BBFA5C700E12E5B /* Activities.swift */ = {isa = PBXFileReference; lastKnownFileType = sourcecode.swift; path = Activities.swift; sourceTree = "<group>"; };
		96E3DE112BBFA98500E12E5B /* AddView.swift */ = {isa = PBXFileReference; lastKnownFileType = sourcecode.swift; path = AddView.swift; sourceTree = "<group>"; };
/* End PBXFileReference section */

/* Begin PBXFrameworksBuildPhase section */
		96E3DDF92BBFA20A00E12E5B /* Frameworks */ = {
			isa = PBXFrameworksBuildPhase;
			buildActionMask = 2147483647;
			files = (
			);
			runOnlyForDeploymentPostprocessing = 0;
		};
/* End PBXFrameworksBuildPhase section */

/* Begin PBXGroup section */
		96E3DDF32BBFA20A00E12E5B = {
			isa = PBXGroup;
			children = (
				96E3DDFE2BBFA20A00E12E5B /* iTracker */,
				96E3DDFD2BBFA20A00E12E5B /* Products */,
			);
			sourceTree = "<group>";
		};
		96E3DDFD2BBFA20A00E12E5B /* Products */ = {
			isa = PBXGroup;
			children = (
				96E3DDFC2BBFA20A00E12E5B /* iTracker.app */,
			);
			name = Products;
			sourceTree = "<group>";
		};
		96E3DDFE2BBFA20A00E12E5B /* iTracker */ = {
			isa = PBXGroup;
			children = (
				96E3DDFF2BBFA20A00E12E5B /* iTrackerApp.swift */,
				96E3DE012BBFA20A00E12E5B /* ContentView.swift */,
				96AF1B732BC262D600D72D7E /* DetailView.swift */,
				96E3DE112BBFA98500E12E5B /* AddView.swift */,
				96E3DE0D2BBFA24D00E12E5B /* Activity.swift */,
				96E3DE0F2BBFA5C700E12E5B /* Activities.swift */,
				96E3DE032BBFA20C00E12E5B /* Assets.xcassets */,
				96E3DE052BBFA20C00E12E5B /* Preview Content */,
			);
			path = iTracker;
			sourceTree = "<group>";
		};
		96E3DE052BBFA20C00E12E5B /* Preview Content */ = {
			isa = PBXGroup;
			children = (
				96E3DE062BBFA20C00E12E5B /* Preview Assets.xcassets */,
			);
			path = "Preview Content";
			sourceTree = "<group>";
		};
/* End PBXGroup section */

/* Begin PBXNativeTarget section */
		96E3DDFB2BBFA20A00E12E5B /* iTracker */ = {
			isa = PBXNativeTarget;
			buildConfigurationList = 96E3DE0A2BBFA20C00E12E5B /* Build configuration list for PBXNativeTarget "iTracker" */;
			buildPhases = (
				96E3DDF82BBFA20A00E12E5B /* Sources */,
				96E3DDF92BBFA20A00E12E5B /* Frameworks */,
				96E3DDFA2BBFA20A00E12E5B /* Resources */,
			);
			buildRules = (
			);
			dependencies = (
			);
			name = iTracker;
			productName = iTracker;
			productReference = 96E3DDFC2BBFA20A00E12E5B /* iTracker.app */;
			productType = "com.apple.product-type.application";
		};
/* End PBXNativeTarget section */

/* Begin PBXProject section */
		96E3DDF42BBFA20A00E12E5B /* Project object */ = {
			isa = PBXProject;
			attributes = {
				BuildIndependentTargetsInParallel = 1;
				LastSwiftUpdateCheck = 1530;
				LastUpgradeCheck = 1530;
				TargetAttributes = {
					96E3DDFB2BBFA20A00E12E5B = {
						CreatedOnToolsVersion = 15.3;
					};
				};
			};
			buildConfigurationList = 96E3DDF72BBFA20A00E12E5B /* Build configuration list for PBXProject "iTracker" */;
			compatibilityVersion = "Xcode 14.0";
			developmentRegion = en;
			hasScannedForEncodings = 0;
			knownRegions = (
				en,
				Base,
			);
			mainGroup = 96E3DDF32BBFA20A00E12E5B;
			productRefGroup = 96E3DDFD2BBFA20A00E12E5B /* Products */;
			projectDirPath = "";
			projectRoot = "";
			targets = (
				96E3DDFB2BBFA20A00E12E5B /* iTracker */,
			);
		};
/* End PBXProject section */

/* Begin PBXResourcesBuildPhase section */
		96E3DDFA2BBFA20A00E12E5B /* Resources */ = {
			isa = PBXResourcesBuildPhase;
			buildActionMask = 2147483647;
			files = (
				96E3DE072BBFA20C00E12E5B /* Preview Assets.xcassets in Resources */,
				96E3DE042BBFA20C00E12E5B /* Assets.xcassets in Resources */,
			);
			runOnlyForDeploymentPostprocessing = 0;
		};
/* End PBXResourcesBuildPhase section */

/* Begin PBXSourcesBuildPhase section */
		96E3DDF82BBFA20A00E12E5B /* Sources */ = {
			isa = PBXSourcesBuildPhase;
			buildActionMask = 2147483647;
			files = (
				96E3DE102BBFA5C700E12E5B /* Activities.swift in Sources */,
				96AF1B742BC262D600D72D7E /* DetailView.swift in Sources */,
				96E3DE0E2BBFA24D00E12E5B /* Activity.swift in Sources */,
				96E3DE122BBFA98500E12E5B /* AddView.swift in Sources */,
				96E3DE022BBFA20A00E12E5B /* ContentView.swift in Sources */,
				96E3DE002BBFA20A00E12E5B /* iTrackerApp.swift in Sources */,
			);
			runOnlyForDeploymentPostprocessing = 0;
		};
/* End PBXSourcesBuildPhase section */

/* Begin XCBuildConfiguration section */
		96E3DE082BBFA20C00E12E5B /* Debug */ = {
			isa = XCBuildConfiguration;
			buildSettings = {
				ALWAYS_SEARCH_USER_PATHS = NO;
				ASSETCATALOG_COMPILER_GENERATE_SWIFT_ASSET_SYMBOL_EXTENSIONS = YES;
				CLANG_ANALYZER_NONNULL = YES;
				CLANG_ANALYZER_NUMBER_OBJECT_CONVERSION = YES_AGGRESSIVE;
				CLANG_CXX_LANGUAGE_STANDARD = "gnu++20";
				CLANG_ENABLE_MODULES = YES;
				CLANG_ENABLE_OBJC_ARC = YES;
				CLANG_ENABLE_OBJC_WEAK = YES;
				CLANG_WARN_BLOCK_CAPTURE_AUTORELEASING = YES;
				CLANG_WARN_BOOL_CONVERSION = YES;
				CLANG_WARN_COMMA = YES;
				CLANG_WARN_CONSTANT_CONVERSION = YES;
				CLANG_WARN_DEPRECATED_OBJC_IMPLEMENTATIONS = YES;
				CLANG_WARN_DIRECT_OBJC_ISA_USAGE = YES_ERROR;
				CLANG_WARN_DOCUMENTATION_COMMENTS = YES;
				CLANG_WARN_EMPTY_BODY = YES;
				CLANG_WARN_ENUM_CONVERSION = YES;
				CLANG_WARN_INFINITE_RECURSION = YES;
				CLANG_WARN_INT_CONVERSION = YES;
				CLANG_WARN_NON_LITERAL_NULL_CONVERSION = YES;
				CLANG_WARN_OBJC_IMPLICIT_RETAIN_SELF = YES;
				CLANG_WARN_OBJC_LITERAL_CONVERSION = YES;
				CLANG_WARN_OBJC_ROOT_CLASS = YES_ERROR;
				CLANG_WARN_QUOTED_INCLUDE_IN_FRAMEWORK_HEADER = YES;
				CLANG_WARN_RANGE_LOOP_ANALYSIS = YES;
				CLANG_WARN_STRICT_PROTOTYPES = YES;
				CLANG_WARN_SUSPICIOUS_MOVE = YES;
				CLANG_WARN_UNGUARDED_AVAILABILITY = YES_AGGRESSIVE;
				CLANG_WARN_UNREACHABLE_CODE = YES;
				CLANG_WARN__DUPLICATE_METHOD_MATCH = YES;
				COPY_PHASE_STRIP = NO;
				DEBUG_INFORMATION_FORMAT = dwarf;
				ENABLE_STRICT_OBJC_MSGSEND = YES;
				ENABLE_TESTABILITY = YES;
				ENABLE_USER_SCRIPT_SANDBOXING = YES;
				GCC_C_LANGUAGE_STANDARD = gnu17;
				GCC_DYNAMIC_NO_PIC = NO;
				GCC_NO_COMMON_BLOCKS = YES;
				GCC_OPTIMIZATION_LEVEL = 0;
				GCC_PREPROCESSOR_DEFINITIONS = (
					"DEBUG=1",
					"$(inherited)",
				);
				GCC_WARN_64_TO_32_BIT_CONVERSION = YES;
				GCC_WARN_ABOUT_RETURN_TYPE = YES_ERROR;
				GCC_WARN_UNDECLARED_SELECTOR = YES;
				GCC_WARN_UNINITIALIZED_AUTOS = YES_AGGRESSIVE;
				GCC_WARN_UNUSED_FUNCTION = YES;
				GCC_WARN_UNUSED_VARIABLE = YES;
				IPHONEOS_DEPLOYMENT_TARGET = 17.4;
				LOCALIZATION_PREFERS_STRING_CATALOGS = YES;
				MTL_ENABLE_DEBUG_INFO = INCLUDE_SOURCE;
				MTL_FAST_MATH = YES;
				ONLY_ACTIVE_ARCH = YES;
				SDKROOT = iphoneos;
				SWIFT_ACTIVE_COMPILATION_CONDITIONS = "DEBUG $(inherited)";
				SWIFT_OPTIMIZATION_LEVEL = "-Onone";
			};
			name = Debug;
		};
		96E3DE092BBFA20C00E12E5B /* Release */ = {
			isa = XCBuildConfiguration;
			buildSettings = {
				ALWAYS_SEARCH_USER_PATHS = NO;
				ASSETCATALOG_COMPILER_GENERATE_SWIFT_ASSET_SYMBOL_EXTENSIONS = YES;
				CLANG_ANALYZER_NONNULL = YES;
				CLANG_ANALYZER_NUMBER_OBJECT_CONVERSION = YES_AGGRESSIVE;
				CLANG_CXX_LANGUAGE_STANDARD = "gnu++20";
				CLANG_ENABLE_MODULES = YES;
				CLANG_ENABLE_OBJC_ARC = YES;
				CLANG_ENABLE_OBJC_WEAK = YES;
				CLANG_WARN_BLOCK_CAPTURE_AUTORELEASING = YES;
				CLANG_WARN_BOOL_CONVERSION = YES;
				CLANG_WARN_COMMA = YES;
				CLANG_WARN_CONSTANT_CONVERSION = YES;
				CLANG_WARN_DEPRECATED_OBJC_IMPLEMENTATIONS = YES;
				CLANG_WARN_DIRECT_OBJC_ISA_USAGE = YES_ERROR;
				CLANG_WARN_DOCUMENTATION_COMMENTS = YES;
				CLANG_WARN_EMPTY_BODY = YES;
				CLANG_WARN_ENUM_CONVERSION = YES;
				CLANG_WARN_INFINITE_RECURSION = YES;
				CLANG_WARN_INT_CONVERSION = YES;
				CLANG_WARN_NON_LITERAL_NULL_CONVERSION = YES;
				CLANG_WARN_OBJC_IMPLICIT_RETAIN_SELF = YES;
				CLANG_WARN_OBJC_LITERAL_CONVERSION = YES;
				CLANG_WARN_OBJC_ROOT_CLASS = YES_ERROR;
				CLANG_WARN_QUOTED_INCLUDE_IN_FRAMEWORK_HEADER = YES;
				CLANG_WARN_RANGE_LOOP_ANALYSIS = YES;
				CLANG_WARN_STRICT_PROTOTYPES = YES;
				CLANG_WARN_SUSPICIOUS_MOVE = YES;
				CLANG_WARN_UNGUARDED_AVAILABILITY = YES_AGGRESSIVE;
				CLANG_WARN_UNREACHABLE_CODE = YES;
				CLANG_WARN__DUPLICATE_METHOD_MATCH = YES;
				COPY_PHASE_STRIP = NO;
				DEBUG_INFORMATION_FORMAT = "dwarf-with-dsym";
				ENABLE_NS_ASSERTIONS = NO;
				ENABLE_STRICT_OBJC_MSGSEND = YES;
				ENABLE_USER_SCRIPT_SANDBOXING = YES;
				GCC_C_LANGUAGE_STANDARD = gnu17;
				GCC_NO_COMMON_BLOCKS = YES;
				GCC_WARN_64_TO_32_BIT_CONVERSION = YES;
				GCC_WARN_ABOUT_RETURN_TYPE = YES_ERROR;
				GCC_WARN_UNDECLARED_SELECTOR = YES;
				GCC_WARN_UNINITIALIZED_AUTOS = YES_AGGRESSIVE;
				GCC_WARN_UNUSED_FUNCTION = YES;
				GCC_WARN_UNUSED_VARIABLE = YES;
				IPHONEOS_DEPLOYMENT_TARGET = 17.4;
				LOCALIZATION_PREFERS_STRING_CATALOGS = YES;
				MTL_ENABLE_DEBUG_INFO = NO;
				MTL_FAST_MATH = YES;
				SDKROOT = iphoneos;
				SWIFT_COMPILATION_MODE = wholemodule;
				VALIDATE_PRODUCT = YES;
			};
			name = Release;
		};
		96E3DE0B2BBFA20C00E12E5B /* Debug */ = {
			isa = XCBuildConfiguration;
			buildSettings = {
				ASSETCATALOG_COMPILER_APPICON_NAME = AppIcon;
				ASSETCATALOG_COMPILER_GLOBAL_ACCENT_COLOR_NAME = AccentColor;
				CODE_SIGN_STYLE = Automatic;
				CURRENT_PROJECT_VERSION = 1;
				DEVELOPMENT_ASSET_PATHS = "\"iTracker/Preview Content\"";
				DEVELOPMENT_TEAM = SW8ZV2632V;
				ENABLE_PREVIEWS = YES;
				GENERATE_INFOPLIST_FILE = YES;
				INFOPLIST_KEY_UIApplicationSceneManifest_Generation = YES;
				INFOPLIST_KEY_UIApplicationSupportsIndirectInputEvents = YES;
				INFOPLIST_KEY_UILaunchScreen_Generation = YES;
				INFOPLIST_KEY_UISupportedInterfaceOrientations_iPad = "UIInterfaceOrientationPortrait UIInterfaceOrientationPortraitUpsideDown UIInterfaceOrientationLandscapeLeft UIInterfaceOrientationLandscapeRight";
				INFOPLIST_KEY_UISupportedInterfaceOrientations_iPhone = "UIInterfaceOrientationPortrait UIInterfaceOrientationLandscapeLeft UIInterfaceOrientationLandscapeRight";
				IPHONEOS_DEPLOYMENT_TARGET = 17.3;
				LD_RUNPATH_SEARCH_PATHS = (
					"$(inherited)",
					"@executable_path/Frameworks",
				);
				MARKETING_VERSION = 1.0;
				PRODUCT_BUNDLE_IDENTIFIER = com.avilacreations.iTracker;
				PRODUCT_NAME = "$(TARGET_NAME)";
				SWIFT_EMIT_LOC_STRINGS = YES;
				SWIFT_VERSION = 5.0;
				TARGETED_DEVICE_FAMILY = "1,2";
			};
			name = Debug;
		};
		96E3DE0C2BBFA20C00E12E5B /* Release */ = {
			isa = XCBuildConfiguration;
			buildSettings = {
				ASSETCATALOG_COMPILER_APPICON_NAME = AppIcon;
				ASSETCATALOG_COMPILER_GLOBAL_ACCENT_COLOR_NAME = AccentColor;
				CODE_SIGN_STYLE = Automatic;
				CURRENT_PROJECT_VERSION = 1;
				DEVELOPMENT_ASSET_PATHS = "\"iTracker/Preview Content\"";
				DEVELOPMENT_TEAM = SW8ZV2632V;
				ENABLE_PREVIEWS = YES;
				GENERATE_INFOPLIST_FILE = YES;
				INFOPLIST_KEY_UIApplicationSceneManifest_Generation = YES;
				INFOPLIST_KEY_UIApplicationSupportsIndirectInputEvents = YES;
				INFOPLIST_KEY_UILaunchScreen_Generation = YES;
				INFOPLIST_KEY_UISupportedInterfaceOrientations_iPad = "UIInterfaceOrientationPortrait UIInterfaceOrientationPortraitUpsideDown UIInterfaceOrientationLandscapeLeft UIInterfaceOrientationLandscapeRight";
				INFOPLIST_KEY_UISupportedInterfaceOrientations_iPhone = "UIInterfaceOrientationPortrait UIInterfaceOrientationLandscapeLeft UIInterfaceOrientationLandscapeRight";
				IPHONEOS_DEPLOYMENT_TARGET = 17.3;
				LD_RUNPATH_SEARCH_PATHS = (
					"$(inherited)",
					"@executable_path/Frameworks",
				);
				MARKETING_VERSION = 1.0;
				PRODUCT_BUNDLE_IDENTIFIER = com.avilacreations.iTracker;
				PRODUCT_NAME = "$(TARGET_NAME)";
				SWIFT_EMIT_LOC_STRINGS = YES;
				SWIFT_VERSION = 5.0;
				TARGETED_DEVICE_FAMILY = "1,2";
			};
			name = Release;
		};
/* End XCBuildConfiguration section */

/* Begin XCConfigurationList section */
		96E3DDF72BBFA20A00E12E5B /* Build configuration list for PBXProject "iTracker" */ = {
			isa = XCConfigurationList;
			buildConfigurations = (
				96E3DE082BBFA20C00E12E5B /* Debug */,
				96E3DE092BBFA20C00E12E5B /* Release */,
			);
			defaultConfigurationIsVisible = 0;
			defaultConfigurationName = Release;
		};
		96E3DE0A2BBFA20C00E12E5B /* Build configuration list for PBXNativeTarget "iTracker" */ = {
			isa = XCConfigurationList;
			buildConfigurations = (
				96E3DE0B2BBFA20C00E12E5B /* Debug */,
				96E3DE0C2BBFA20C00E12E5B /* Release */,
			);
			defaultConfigurationIsVisible = 0;
			defaultConfigurationName = Release;
		};
/* End XCConfigurationList section */
	};
	rootObject = 96E3DDF42BBFA20A00E12E5B /* Project object */;
}
